<?xml version="1.0" encoding="utf-8"?>
<Project ToolsVersion="4.0" xmlns="http://schemas.microsoft.com/developer/msbuild/2003">
  <ItemGroup>
    <Filter Include="src">
      <UniqueIdentifier>{be810bfe-335f-4725-853b-59681bc31abd}</UniqueIdentifier>
    </Filter>
    <Filter Include="src\application">
      <UniqueIdentifier>{6743a5e8-35a7-45c0-b0fb-b14d7b2cd669}</UniqueIdentifier>
    </Filter>
    <Filter Include="src\pattern">
      <UniqueIdentifier>{f444d935-bba8-4576-b13c-312d826a2c7f}</UniqueIdentifier>
    </Filter>
  </ItemGroup>
  <ItemGroup>
    <ClInclude Include="src\application\logger.hpp">
      <Filter>src\application</Filter>
    </ClInclude>
    <ClInclude Include="src\application\service.hpp">
      <Filter>src\application</Filter>
    </ClInclude>
    <ClInclude Include="src\pattern\singleton.hpp">
      <Filter>src\pattern</Filter>
    </ClInclude>
    <ClInclude Include="src\application\compression\zip.hpp" />
    <ClInclude Include="src\application\compression\archive.hpp" />
    <ClInclude Include="src\utils\converter.hpp" />
    <ClInclude Include="src\application\compression\zip\centralDirectoryFileHeader.hpp" />
    <ClInclude Include="src\application\compression\zip\localFileHeader.hpp" />
    <ClInclude Include="src\application\compression\zip\endOfCentralDirectory.hpp" />
    <ClInclude Include="src\application\compression\zip\file.hpp" />
    <ClInclude Include="src\application\compression\zip\method.hpp" />
    <ClInclude Include="src\pattern\abstractFactory.hpp" />
    <ClInclude Include="src\pattern\enumManager.hpp" />
    <ClInclude Include="src\database\connector.hpp" />
    <ClInclude Include="src\database\recordset.hpp" />
    <ClInclude Include="src\database\connectors\sqlServer.hpp" />
    <ClInclude Include="src\database\recordsets\tradeRecordset.hpp" />
    <ClInclude Include="src\application\settings.hpp" />
    <ClInclude Include="src\database\tradeConverter.hpp" />
    <ClInclude Include="src\application\settings\parser\settingsGrammar.hpp" />
    <ClInclude Include="src\application\settings\parser\settingsAdapter.hpp" />
    <ClInclude Include="src\application\settings\parser\parseSettings.hpp" />
    <ClInclude Include="src\application\startup.hpp" />
    <ClInclude Include="src\utils\adaptator.hpp" />
    <ClInclude Include="src\database\record\enums\action.hpp" />
    <ClInclude Include="src\database\record\enums\assetType.hpp" />
    <ClInclude Include="src\database\record\enums\cleared.hpp" />
    <ClInclude Include="src\database\record\enums\collateralization.hpp" />
    <ClInclude Include="src\database\record\enums\optionFamily.hpp" />
    <ClInclude Include="src\database\record\enums\optionType.hpp" />
    <ClInclude Include="src\database\record\enums\priceFormingContinuationData.hpp" />
    <ClInclude Include="src\database\record\parser\parseRecords.hpp" />
    <ClInclude Include="src\database\record\parser\tradeAdapter.hpp" />
    <ClInclude Include="src\database\record\parser\tradeRecordGrammar.hpp" />
    <ClInclude Include="src\database\record\parser\tradeRecordPolicies.hpp" />
    <ClInclude Include="src\database\record\enum.hpp" />
    <ClInclude Include="src\database\record\tradeRecord.hpp" />
    <ClInclude Include="src\application\connection.hpp" />
    <ClInclude Include="src\application\connection\curl\curl.hpp" />
    <ClInclude Include="src\application\connection\asio\asio.hpp" />
  </ItemGroup>
  <ItemGroup>
    <ClCompile Include="src\application\compression\zip.cpp" />
    <ClCompile Include="src\application\compression\zip\centralDirectoryFileHeader.cpp" />
    <ClCompile Include="src\database\connectors\sqlServer.cpp" />
    <ClCompile Include="src\database\recordsets\tradeRecordset.cpp" />
    <ClCompile Include="src\application\logger.cpp" />
    <ClCompile Include="src\application\settings\parser\parseSettings.cpp" />
    <ClCompile Include="src\application\startup.cpp" />
    <ClCompile Include="src\database\record\parser\parseRecords.cpp" />
    <ClCompile Include="src\application\compression\zip\localFileHeader.cpp" />
    <ClCompile Include="src\application\connection\curl\curl.cpp" />
    <ClCompile Include="src\application\connection\asio\asio.cpp" />
  </ItemGroup>
</Project>