
Microsoft Visual Studio Solution File, Format Version 12.00
# Visual Studio 14
VisualStudioVersion = 14.0.25420.1
MinimumVisualStudioVersion = 10.0.40219.1
Project("{8BC9CEB8-8B4A-11D0-8D11-00A0C91BC942}") = "dtccConsole", "dtccConsole\dtccConsole.vcxproj", "{8FA207FC-D950-4AF8-99CB-3FB2F99614A6}"
	ProjectSection(ProjectDependencies) = postProject
		{9BEC38F1-F72A-47DD-8232-441DC5E58CC8} = {9BEC38F1-F72A-47DD-8232-441DC5E58CC8}
	EndProjectSection
EndProject
Project("{8BC9CEB8-8B4A-11D0-8D11-00A0C91BC942}") = "dtccCommon", "dtccCommon\dtccCommon.vcxproj", "{9BEC38F1-F72A-47DD-8232-441DC5E58CC8}"
EndProject
Project("{8BC9CEB8-8B4A-11D0-8D11-00A0C91BC942}") = "dtccService", "dtccService\dtccService.vcxproj", "{48BB2119-1A66-4451-8D1E-903B6AC85E4B}"
	ProjectSection(ProjectDependencies) = postProject
		{9BEC38F1-F72A-47DD-8232-441DC5E58CC8} = {9BEC38F1-F72A-47DD-8232-441DC5E58CC8}
	EndProjectSection
EndProject
Project("{8BC9CEB8-8B4A-11D0-8D11-00A0C91BC942}") = "testSuite", "testSuite\testSuite.vcxproj", "{E74C7383-D6BE-481D-B41E-5AB1AAEC4F15}"
	ProjectSection(ProjectDependencies) = postProject
		{9BEC38F1-F72A-47DD-8232-441DC5E58CC8} = {9BEC38F1-F72A-47DD-8232-441DC5E58CC8}
	EndProjectSection
EndProject
Global
	GlobalSection(SolutionConfigurationPlatforms) = preSolution
		Debug (intel)|x64 = Debug (intel)|x64
		Debug (intel)|x86 = Debug (intel)|x86
		Debug|x64 = Debug|x64
		Debug|x86 = Debug|x86
		Release|x64 = Release|x64
		Release|x86 = Release|x86
	EndGlobalSection
	GlobalSection(ProjectConfigurationPlatforms) = postSolution
		{8FA207FC-D950-4AF8-99CB-3FB2F99614A6}.Debug (intel)|x64.ActiveCfg = Debug (intel)|x64
		{8FA207FC-D950-4AF8-99CB-3FB2F99614A6}.Debug (intel)|x64.Build.0 = Debug (intel)|x64
		{8FA207FC-D950-4AF8-99CB-3FB2F99614A6}.Debug (intel)|x86.ActiveCfg = Debug (intel)|x64
		{8FA207FC-D950-4AF8-99CB-3FB2F99614A6}.Debug|x64.ActiveCfg = Debug|x64
		{8FA207FC-D950-4AF8-99CB-3FB2F99614A6}.Debug|x64.Build.0 = Debug|x64
		{8FA207FC-D950-4AF8-99CB-3FB2F99614A6}.Debug|x86.ActiveCfg = Debug|x64
		{8FA207FC-D950-4AF8-99CB-3FB2F99614A6}.Release|x64.ActiveCfg = Release|x64
		{8FA207FC-D950-4AF8-99CB-3FB2F99614A6}.Release|x64.Build.0 = Release|x64
		{8FA207FC-D950-4AF8-99CB-3FB2F99614A6}.Release|x86.ActiveCfg = Release|x64
		{9BEC38F1-F72A-47DD-8232-441DC5E58CC8}.Debug (intel)|x64.ActiveCfg = Debug (intel)|x64
		{9BEC38F1-F72A-47DD-8232-441DC5E58CC8}.Debug (intel)|x64.Build.0 = Debug (intel)|x64
		{9BEC38F1-F72A-47DD-8232-441DC5E58CC8}.Debug (intel)|x86.ActiveCfg = Debug (intel)|x64
		{9BEC38F1-F72A-47DD-8232-441DC5E58CC8}.Debug|x64.ActiveCfg = Debug|x64
		{9BEC38F1-F72A-47DD-8232-441DC5E58CC8}.Debug|x64.Build.0 = Debug|x64
		{9BEC38F1-F72A-47DD-8232-441DC5E58CC8}.Debug|x86.ActiveCfg = Debug|x64
		{9BEC38F1-F72A-47DD-8232-441DC5E58CC8}.Release|x64.ActiveCfg = Release|x64
		{9BEC38F1-F72A-47DD-8232-441DC5E58CC8}.Release|x64.Build.0 = Release|x64
		{9BEC38F1-F72A-47DD-8232-441DC5E58CC8}.Release|x86.ActiveCfg = Release|x64
		{48BB2119-1A66-4451-8D1E-903B6AC85E4B}.Debug (intel)|x64.ActiveCfg = Debug (intel)|x64
		{48BB2119-1A66-4451-8D1E-903B6AC85E4B}.Debug (intel)|x64.Build.0 = Debug (intel)|x64
		{48BB2119-1A66-4451-8D1E-903B6AC85E4B}.Debug (intel)|x86.ActiveCfg = Debug (intel)|x64
		{48BB2119-1A66-4451-8D1E-903B6AC85E4B}.Debug|x64.ActiveCfg = Debug|x64
		{48BB2119-1A66-4451-8D1E-903B6AC85E4B}.Debug|x64.Build.0 = Debug|x64
		{48BB2119-1A66-4451-8D1E-903B6AC85E4B}.Debug|x86.ActiveCfg = Debug|x64
		{48BB2119-1A66-4451-8D1E-903B6AC85E4B}.Release|x64.ActiveCfg = Release|x64
		{48BB2119-1A66-4451-8D1E-903B6AC85E4B}.Release|x64.Build.0 = Release|x64
		{48BB2119-1A66-4451-8D1E-903B6AC85E4B}.Release|x86.ActiveCfg = Release|x64
		{E74C7383-D6BE-481D-B41E-5AB1AAEC4F15}.Debug (intel)|x64.ActiveCfg = Debug (intel)|x64
		{E74C7383-D6BE-481D-B41E-5AB1AAEC4F15}.Debug (intel)|x86.ActiveCfg = Debug (intel)|x64
		{E74C7383-D6BE-481D-B41E-5AB1AAEC4F15}.Debug|x64.ActiveCfg = Debug|x64
		{E74C7383-D6BE-481D-B41E-5AB1AAEC4F15}.Debug|x64.Build.0 = Debug|x64
		{E74C7383-D6BE-481D-B41E-5AB1AAEC4F15}.Debug|x86.ActiveCfg = Debug|x64
		{E74C7383-D6BE-481D-B41E-5AB1AAEC4F15}.Release|x64.ActiveCfg = Release|x64
		{E74C7383-D6BE-481D-B41E-5AB1AAEC4F15}.Release|x86.ActiveCfg = Release|x64
	EndGlobalSection
	GlobalSection(SolutionProperties) = preSolution
		HideSolutionNode = FALSE
	EndGlobalSection
EndGlobal
