<?xml version="1.0" encoding="utf-8"?>
<Project ToolsVersion="4.0" xmlns="http://schemas.microsoft.com/developer/msbuild/2003">
  <ItemGroup>
    <ClCompile Include="main.cpp" />
    <ClCompile Include="StdAfx.cpp" />
    <ClCompile Include="application\serviceImpl.cpp" />
    <ClCompile Include="settings\parser\parseSettings.cpp" />
    <ClCompile Include="application\readers\reader.cpp" />
    <ClCompile Include="application\worker.cpp" />
  </ItemGroup>
  <ItemGroup>
    <Filter Include="application">
      <UniqueIdentifier>{a30bc3b1-7950-448f-8b28-ebeaac344241}</UniqueIdentifier>
    </Filter>
    <Filter Include="pattern">
      <UniqueIdentifier>{d9ed0240-ee36-42c1-9b9f-77bcb050cffe}</UniqueIdentifier>
    </Filter>
  </ItemGroup>
  <ItemGroup>
    <ClInclude Include="StdAfx.h" />
    <ClInclude Include="application\serviceImpl.hpp" />
    <ClInclude Include="settings\parser\parseSettings.hpp" />
    <ClInclude Include="settings\parser\settingsAdapter.hpp" />
    <ClInclude Include="settings\parser\settingsGrammar.hpp" />
    <ClInclude Include="settings.hpp" />
    <ClInclude Include="application\workerBase.hpp" />
    <ClInclude Include="application\readers\reader.hpp" />
    <ClInclude Include="application\writer.hpp" />
    <ClInclude Include="application\worker.hpp" />
    <ClInclude Include="application\protocol.hpp" />
    <ClInclude Include="application\protocols\http.hpp" />
    <ClInclude Include="application\protocols\https.hpp" />
  </ItemGroup>
  <ItemGroup>
    <None Include="script\remove.ps1" />
    <None Include="script\install.ps1" />
  </ItemGroup>
  <ItemGroup>
    <Xml Include="settings\dev.xml" />
    <Xml Include="settings\prod.xml" />
  </ItemGroup>
</Project>