<?xml version="1.0" encoding="utf-8"?>
<Project ToolsVersion="4.0" xmlns="http://schemas.microsoft.com/developer/msbuild/2003">
  <ItemGroup>
    <ClCompile Include="main.cpp" />
    <ClCompile Include="compression.cpp" />
    <ClCompile Include="converter.cpp" />
    <ClCompile Include="pattern.cpp" />
    <ClCompile Include="logger.cpp" />
    <ClCompile Include="registrable\base.cpp" />
    <ClCompile Include="registrable\derived.cpp" />
    <ClCompile Include="parsing.cpp" />
    <ClCompile Include="settings\parser\parseSettings.cpp" />
  </ItemGroup>
  <ItemGroup>
    <ClInclude Include="compression.hpp" />
    <ClInclude Include="converter.hpp" />
    <ClInclude Include="logger.hpp" />
    <ClInclude Include="pattern.hpp" />
    <ClInclude Include="registrable\base.hpp" />
    <ClInclude Include="registrable\derived.hpp" />
    <ClInclude Include="registrable\enum.hpp" />
    <ClInclude Include="parsing.hpp" />
    <ClInclude Include="settings\parser\parseSettings.hpp" />
    <ClInclude Include="settings\parser\settingsAdapter.hpp" />
    <ClInclude Include="settings\parser\settingsGrammar.hpp" />
    <ClInclude Include="settings.hpp" />
  </ItemGroup>
  <ItemGroup>
    <ClCompile Include="main.cpp">
      <Filter>Source Files</Filter>
    </ClCompile>
    <ClCompile Include="compression.cpp">
      <Filter>Source Files</Filter>
    </ClCompile>
  </ItemGroup>
  <ItemGroup>
    <ClInclude Include="compression.hpp">
      <Filter>Header Files</Filter>
    </ClInclude>
  </ItemGroup>
  <ItemGroup>
    <Xml Include="settings\dev.xml" />
  </ItemGroup>
</Project>